
Microsoft Visual Studio Solution File, Format Version 12.00
# Visual Studio Version 17
VisualStudioVersion = 17.1.32421.90
MinimumVisualStudioVersion = 10.0.40219.1
Project("{9A19103F-16F7-4668-BE54-9A1E7A4F7556}") = "Naloga01", "Naloga01\Naloga01.csproj", "{057016AE-CADC-4F67-944F-FF2A703BB177}"
EndProject
Project("{9A19103F-16F7-4668-BE54-9A1E7A4F7556}") = "Naloga02", "Naloga02\Naloga02.csproj", "{6A6F18C5-4BAE-4B34-92EF-F1C85AB87E11}"
EndProject
Project("{9A19103F-16F7-4668-BE54-9A1E7A4F7556}") = "Naloga03", "Naloga03\Naloga03.csproj", "{A88AB73F-8B59-4FB0-9097-7FF7CCCEE9FA}"
EndProject
Project("{9A19103F-16F7-4668-BE54-9A1E7A4F7556}") = "Naloga04", "Naloga04\Naloga04.csproj", "{743EFC7C-445B-4D0F-8DC0-58B556EA00BE}"
EndProject
Project("{9A19103F-16F7-4668-BE54-9A1E7A4F7556}") = "Naloga05", "Naloga05\Naloga05.csproj", "{0FDAA333-814B-417F-94EF-4ABDA309E536}"
EndProject
Project("{9A19103F-16F7-4668-BE54-9A1E7A4F7556}") = "Naloga06", "Naloga06\Naloga06.csproj", "{243F1D52-3767-4352-8B78-B4909A255AC8}"
EndProject
Project("{9A19103F-16F7-4668-BE54-9A1E7A4F7556}") = "Naloga07", "Naloga07\Naloga07.csproj", "{B26113E2-E2DC-4065-830E-7D50867B0A6A}"
EndProject
Project("{9A19103F-16F7-4668-BE54-9A1E7A4F7556}") = "Naloga08", "Naloga08\Naloga08.csproj", "{7688A471-A8CC-43E7-87BC-D9DE13E12030}"
EndProject
Project("{9A19103F-16F7-4668-BE54-9A1E7A4F7556}") = "Naloga09", "Naloga09\Naloga09.csproj", "{65A26543-E4EF-48FF-A582-16ABDA10D2B6}"
EndProject
Project("{9A19103F-16F7-4668-BE54-9A1E7A4F7556}") = "Naloga10", "Naloga10\Naloga10.csproj", "{15EECCB0-9805-4A6D-976B-7E5DEF195E7B}"
EndProject
Project("{9A19103F-16F7-4668-BE54-9A1E7A4F7556}") = "Naloga11", "Naloga11\Naloga11.csproj", "{E678BB3A-2888-4211-A848-C37070EDD71A}"
EndProject
Project("{9A19103F-16F7-4668-BE54-9A1E7A4F7556}") = "Naloga12", "Naloga12\Naloga12.csproj", "{FB44A7B5-882B-4ACD-84CC-D4B6D94198B1}"
EndProject
Project("{9A19103F-16F7-4668-BE54-9A1E7A4F7556}") = "Naloga13", "Naloga13\Naloga13.csproj", "{7FB26C90-1201-4C16-812D-75BD2CC1380B}"
EndProject
Project("{9A19103F-16F7-4668-BE54-9A1E7A4F7556}") = "Naloga14", "Naloga14\Naloga14.csproj", "{AECCEB95-8591-4177-B589-398FE06BB2EC}"
EndProject
Project("{9A19103F-16F7-4668-BE54-9A1E7A4F7556}") = "Naloga15", "Naloga15\Naloga15.csproj", "{A9B1E6A7-ECA8-4D02-AAAA-B39DCFA258CB}"
EndProject
Project("{9A19103F-16F7-4668-BE54-9A1E7A4F7556}") = "Naloga16", "Naloga16\Naloga16.csproj", "{6C202F3A-3E6B-4335-9180-09B90F23B6CB}"
EndProject
Project("{FAE04EC0-301F-11D3-BF4B-00C04F79EFBC}") = "Naloga17", "Naloga17\Naloga17.csproj", "{CCB9D674-F05D-4AD5-814E-A4F76B9A4ABD}"
EndProject
Project("{FAE04EC0-301F-11D3-BF4B-00C04F79EFBC}") = "Naloga18", "Naloga18\Naloga18.csproj", "{2CA944FB-6822-40F7-A342-50163DC3A52A}"
EndProject
Project("{FAE04EC0-301F-11D3-BF4B-00C04F79EFBC}") = "Naloga19", "Naloga19\Naloga19.csproj", "{2C311F91-3AC0-4EF5-A767-F5534FAEC6C0}"
EndProject
Project("{FAE04EC0-301F-11D3-BF4B-00C04F79EFBC}") = "Naloga20", "Naloga20\Naloga20.csproj", "{507333AE-6787-4818-A794-9C579F046C43}"
EndProject
Project("{FAE04EC0-301F-11D3-BF4B-00C04F79EFBC}") = "Naloga21", "Naloga21\Naloga21.csproj", "{88C4C1E9-62FC-492F-B7C6-BAEA0CAD5A10}"
EndProject
Project("{FAE04EC0-301F-11D3-BF4B-00C04F79EFBC}") = "Naloga22", "Naloga22\Naloga22.csproj", "{649E4E64-B507-41D1-9313-6E86AE700F0B}"
EndProject
Project("{FAE04EC0-301F-11D3-BF4B-00C04F79EFBC}") = "Naloga23", "Naloga23\Naloga23.csproj", "{A0A276CE-F372-44CE-94B2-77835652C7FE}"
EndProject
Global
	GlobalSection(SolutionConfigurationPlatforms) = preSolution
		Debug|Any CPU = Debug|Any CPU
		Release|Any CPU = Release|Any CPU
	EndGlobalSection
	GlobalSection(ProjectConfigurationPlatforms) = postSolution
		{057016AE-CADC-4F67-944F-FF2A703BB177}.Debug|Any CPU.ActiveCfg = Debug|Any CPU
		{057016AE-CADC-4F67-944F-FF2A703BB177}.Debug|Any CPU.Build.0 = Debug|Any CPU
		{057016AE-CADC-4F67-944F-FF2A703BB177}.Release|Any CPU.ActiveCfg = Release|Any CPU
		{057016AE-CADC-4F67-944F-FF2A703BB177}.Release|Any CPU.Build.0 = Release|Any CPU
		{6A6F18C5-4BAE-4B34-92EF-F1C85AB87E11}.Debug|Any CPU.ActiveCfg = Debug|Any CPU
		{6A6F18C5-4BAE-4B34-92EF-F1C85AB87E11}.Debug|Any CPU.Build.0 = Debug|Any CPU
		{6A6F18C5-4BAE-4B34-92EF-F1C85AB87E11}.Release|Any CPU.ActiveCfg = Release|Any CPU
		{6A6F18C5-4BAE-4B34-92EF-F1C85AB87E11}.Release|Any CPU.Build.0 = Release|Any CPU
		{A88AB73F-8B59-4FB0-9097-7FF7CCCEE9FA}.Debug|Any CPU.ActiveCfg = Debug|Any CPU
		{A88AB73F-8B59-4FB0-9097-7FF7CCCEE9FA}.Debug|Any CPU.Build.0 = Debug|Any CPU
		{A88AB73F-8B59-4FB0-9097-7FF7CCCEE9FA}.Release|Any CPU.ActiveCfg = Release|Any CPU
		{A88AB73F-8B59-4FB0-9097-7FF7CCCEE9FA}.Release|Any CPU.Build.0 = Release|Any CPU
		{743EFC7C-445B-4D0F-8DC0-58B556EA00BE}.Debug|Any CPU.ActiveCfg = Debug|Any CPU
		{743EFC7C-445B-4D0F-8DC0-58B556EA00BE}.Debug|Any CPU.Build.0 = Debug|Any CPU
		{743EFC7C-445B-4D0F-8DC0-58B556EA00BE}.Release|Any CPU.ActiveCfg = Release|Any CPU
		{743EFC7C-445B-4D0F-8DC0-58B556EA00BE}.Release|Any CPU.Build.0 = Release|Any CPU
		{0FDAA333-814B-417F-94EF-4ABDA309E536}.Debug|Any CPU.ActiveCfg = Debug|Any CPU
		{0FDAA333-814B-417F-94EF-4ABDA309E536}.Debug|Any CPU.Build.0 = Debug|Any CPU
		{0FDAA333-814B-417F-94EF-4ABDA309E536}.Release|Any CPU.ActiveCfg = Release|Any CPU
		{0FDAA333-814B-417F-94EF-4ABDA309E536}.Release|Any CPU.Build.0 = Release|Any CPU
		{243F1D52-3767-4352-8B78-B4909A255AC8}.Debug|Any CPU.ActiveCfg = Debug|Any CPU
		{243F1D52-3767-4352-8B78-B4909A255AC8}.Debug|Any CPU.Build.0 = Debug|Any CPU
		{243F1D52-3767-4352-8B78-B4909A255AC8}.Release|Any CPU.ActiveCfg = Release|Any CPU
		{243F1D52-3767-4352-8B78-B4909A255AC8}.Release|Any CPU.Build.0 = Release|Any CPU
		{B26113E2-E2DC-4065-830E-7D50867B0A6A}.Debug|Any CPU.ActiveCfg = Debug|Any CPU
		{B26113E2-E2DC-4065-830E-7D50867B0A6A}.Debug|Any CPU.Build.0 = Debug|Any CPU
		{B26113E2-E2DC-4065-830E-7D50867B0A6A}.Release|Any CPU.ActiveCfg = Release|Any CPU
		{B26113E2-E2DC-4065-830E-7D50867B0A6A}.Release|Any CPU.Build.0 = Release|Any CPU
		{7688A471-A8CC-43E7-87BC-D9DE13E12030}.Debug|Any CPU.ActiveCfg = Debug|Any CPU
		{7688A471-A8CC-43E7-87BC-D9DE13E12030}.Debug|Any CPU.Build.0 = Debug|Any CPU
		{7688A471-A8CC-43E7-87BC-D9DE13E12030}.Release|Any CPU.ActiveCfg = Release|Any CPU
		{7688A471-A8CC-43E7-87BC-D9DE13E12030}.Release|Any CPU.Build.0 = Release|Any CPU
		{65A26543-E4EF-48FF-A582-16ABDA10D2B6}.Debug|Any CPU.ActiveCfg = Debug|Any CPU
		{65A26543-E4EF-48FF-A582-16ABDA10D2B6}.Debug|Any CPU.Build.0 = Debug|Any CPU
		{65A26543-E4EF-48FF-A582-16ABDA10D2B6}.Release|Any CPU.ActiveCfg = Release|Any CPU
		{65A26543-E4EF-48FF-A582-16ABDA10D2B6}.Release|Any CPU.Build.0 = Release|Any CPU
		{15EECCB0-9805-4A6D-976B-7E5DEF195E7B}.Debug|Any CPU.ActiveCfg = Debug|Any CPU
		{15EECCB0-9805-4A6D-976B-7E5DEF195E7B}.Debug|Any CPU.Build.0 = Debug|Any CPU
		{15EECCB0-9805-4A6D-976B-7E5DEF195E7B}.Release|Any CPU.ActiveCfg = Release|Any CPU
		{15EECCB0-9805-4A6D-976B-7E5DEF195E7B}.Release|Any CPU.Build.0 = Release|Any CPU
		{E678BB3A-2888-4211-A848-C37070EDD71A}.Debug|Any CPU.ActiveCfg = Debug|Any CPU
		{E678BB3A-2888-4211-A848-C37070EDD71A}.Debug|Any CPU.Build.0 = Debug|Any CPU
		{E678BB3A-2888-4211-A848-C37070EDD71A}.Release|Any CPU.ActiveCfg = Release|Any CPU
		{E678BB3A-2888-4211-A848-C37070EDD71A}.Release|Any CPU.Build.0 = Release|Any CPU
		{FB44A7B5-882B-4ACD-84CC-D4B6D94198B1}.Debug|Any CPU.ActiveCfg = Debug|Any CPU
		{FB44A7B5-882B-4ACD-84CC-D4B6D94198B1}.Debug|Any CPU.Build.0 = Debug|Any CPU
		{FB44A7B5-882B-4ACD-84CC-D4B6D94198B1}.Release|Any CPU.ActiveCfg = Release|Any CPU
		{FB44A7B5-882B-4ACD-84CC-D4B6D94198B1}.Release|Any CPU.Build.0 = Release|Any CPU
		{7FB26C90-1201-4C16-812D-75BD2CC1380B}.Debug|Any CPU.ActiveCfg = Debug|Any CPU
		{7FB26C90-1201-4C16-812D-75BD2CC1380B}.Debug|Any CPU.Build.0 = Debug|Any CPU
		{7FB26C90-1201-4C16-812D-75BD2CC1380B}.Release|Any CPU.ActiveCfg = Release|Any CPU
		{7FB26C90-1201-4C16-812D-75BD2CC1380B}.Release|Any CPU.Build.0 = Release|Any CPU
		{AECCEB95-8591-4177-B589-398FE06BB2EC}.Debug|Any CPU.ActiveCfg = Debug|Any CPU
		{AECCEB95-8591-4177-B589-398FE06BB2EC}.Debug|Any CPU.Build.0 = Debug|Any CPU
		{AECCEB95-8591-4177-B589-398FE06BB2EC}.Release|Any CPU.ActiveCfg = Release|Any CPU
		{AECCEB95-8591-4177-B589-398FE06BB2EC}.Release|Any CPU.Build.0 = Release|Any CPU
		{A9B1E6A7-ECA8-4D02-AAAA-B39DCFA258CB}.Debug|Any CPU.ActiveCfg = Debug|Any CPU
		{A9B1E6A7-ECA8-4D02-AAAA-B39DCFA258CB}.Debug|Any CPU.Build.0 = Debug|Any CPU
		{A9B1E6A7-ECA8-4D02-AAAA-B39DCFA258CB}.Release|Any CPU.ActiveCfg = Release|Any CPU
		{A9B1E6A7-ECA8-4D02-AAAA-B39DCFA258CB}.Release|Any CPU.Build.0 = Release|Any CPU
		{6C202F3A-3E6B-4335-9180-09B90F23B6CB}.Debug|Any CPU.ActiveCfg = Debug|Any CPU
		{6C202F3A-3E6B-4335-9180-09B90F23B6CB}.Debug|Any CPU.Build.0 = Debug|Any CPU
		{6C202F3A-3E6B-4335-9180-09B90F23B6CB}.Release|Any CPU.ActiveCfg = Release|Any CPU
		{6C202F3A-3E6B-4335-9180-09B90F23B6CB}.Release|Any CPU.Build.0 = Release|Any CPU
		{CCB9D674-F05D-4AD5-814E-A4F76B9A4ABD}.Debug|Any CPU.ActiveCfg = Debug|Any CPU
		{CCB9D674-F05D-4AD5-814E-A4F76B9A4ABD}.Debug|Any CPU.Build.0 = Debug|Any CPU
		{CCB9D674-F05D-4AD5-814E-A4F76B9A4ABD}.Release|Any CPU.ActiveCfg = Release|Any CPU
		{CCB9D674-F05D-4AD5-814E-A4F76B9A4ABD}.Release|Any CPU.Build.0 = Release|Any CPU
		{2CA944FB-6822-40F7-A342-50163DC3A52A}.Debug|Any CPU.ActiveCfg = Debug|Any CPU
		{2CA944FB-6822-40F7-A342-50163DC3A52A}.Debug|Any CPU.Build.0 = Debug|Any CPU
		{2CA944FB-6822-40F7-A342-50163DC3A52A}.Release|Any CPU.ActiveCfg = Release|Any CPU
		{2CA944FB-6822-40F7-A342-50163DC3A52A}.Release|Any CPU.Build.0 = Release|Any CPU
		{2C311F91-3AC0-4EF5-A767-F5534FAEC6C0}.Debug|Any CPU.ActiveCfg = Debug|Any CPU
		{2C311F91-3AC0-4EF5-A767-F5534FAEC6C0}.Debug|Any CPU.Build.0 = Debug|Any CPU
		{2C311F91-3AC0-4EF5-A767-F5534FAEC6C0}.Release|Any CPU.ActiveCfg = Release|Any CPU
		{2C311F91-3AC0-4EF5-A767-F5534FAEC6C0}.Release|Any CPU.Build.0 = Release|Any CPU
		{507333AE-6787-4818-A794-9C579F046C43}.Debug|Any CPU.ActiveCfg = Debug|Any CPU
		{507333AE-6787-4818-A794-9C579F046C43}.Debug|Any CPU.Build.0 = Debug|Any CPU
		{507333AE-6787-4818-A794-9C579F046C43}.Release|Any CPU.ActiveCfg = Release|Any CPU
		{507333AE-6787-4818-A794-9C579F046C43}.Release|Any CPU.Build.0 = Release|Any CPU
		{88C4C1E9-62FC-492F-B7C6-BAEA0CAD5A10}.Debug|Any CPU.ActiveCfg = Debug|Any CPU
		{88C4C1E9-62FC-492F-B7C6-BAEA0CAD5A10}.Debug|Any CPU.Build.0 = Debug|Any CPU
		{88C4C1E9-62FC-492F-B7C6-BAEA0CAD5A10}.Release|Any CPU.ActiveCfg = Release|Any CPU
		{88C4C1E9-62FC-492F-B7C6-BAEA0CAD5A10}.Release|Any CPU.Build.0 = Release|Any CPU
		{649E4E64-B507-41D1-9313-6E86AE700F0B}.Debug|Any CPU.ActiveCfg = Debug|Any CPU
		{649E4E64-B507-41D1-9313-6E86AE700F0B}.Debug|Any CPU.Build.0 = Debug|Any CPU
		{649E4E64-B507-41D1-9313-6E86AE700F0B}.Release|Any CPU.ActiveCfg = Release|Any CPU
		{649E4E64-B507-41D1-9313-6E86AE700F0B}.Release|Any CPU.Build.0 = Release|Any CPU
		{A0A276CE-F372-44CE-94B2-77835652C7FE}.Debug|Any CPU.ActiveCfg = Debug|Any CPU
		{A0A276CE-F372-44CE-94B2-77835652C7FE}.Debug|Any CPU.Build.0 = Debug|Any CPU
		{A0A276CE-F372-44CE-94B2-77835652C7FE}.Release|Any CPU.ActiveCfg = Release|Any CPU
		{A0A276CE-F372-44CE-94B2-77835652C7FE}.Release|Any CPU.Build.0 = Release|Any CPU
	EndGlobalSection
	GlobalSection(SolutionProperties) = preSolution
		HideSolutionNode = FALSE
	EndGlobalSection
	GlobalSection(ExtensibilityGlobals) = postSolution
		SolutionGuid = {F92AF81E-6DC4-4C8F-A3E9-29BC262EE57C}
	EndGlobalSection
EndGlobal
